// !$*UTF8*$!
{
	archiveVersion = 1;
	classes = {
	};
	objectVersion = 50;
	objects = {

/* Begin PBXBuildFile section */
		67DB709D26FD4CC500FF53B7 /* MinecraftBiomesApp.swift in Sources */ = {isa = PBXBuildFile; fileRef = 67DB708A26FD4CBD00FF53B7 /* MinecraftBiomesApp.swift */; };
		67DB709E26FD4CC500FF53B7 /* MinecraftBiomesApp.swift in Sources */ = {isa = PBXBuildFile; fileRef = 67DB708A26FD4CBD00FF53B7 /* MinecraftBiomesApp.swift */; };
		67DB709F26FD4CC500FF53B7 /* ContentView.swift in Sources */ = {isa = PBXBuildFile; fileRef = 67DB708B26FD4CBD00FF53B7 /* ContentView.swift */; };
		67DB70A026FD4CC500FF53B7 /* ContentView.swift in Sources */ = {isa = PBXBuildFile; fileRef = 67DB708B26FD4CBD00FF53B7 /* ContentView.swift */; };
		67DB70A126FD4CC500FF53B7 /* Assets.xcassets in Resources */ = {isa = PBXBuildFile; fileRef = 67DB708C26FD4CC500FF53B7 /* Assets.xcassets */; };
		67DB70A226FD4CC500FF53B7 /* Assets.xcassets in Resources */ = {isa = PBXBuildFile; fileRef = 67DB708C26FD4CC500FF53B7 /* Assets.xcassets */; };
/* End PBXBuildFile section */

/* Begin PBXFileReference section */
		67DB708A26FD4CBD00FF53B7 /* MinecraftBiomesApp.swift */ = {isa = PBXFileReference; lastKnownFileType = sourcecode.swift; path = MinecraftBiomesApp.swift; sourceTree = "<group>"; };
		67DB708B26FD4CBD00FF53B7 /* ContentView.swift */ = {isa = PBXFileReference; lastKnownFileType = sourcecode.swift; path = ContentView.swift; sourceTree = "<group>"; };
		67DB708C26FD4CC500FF53B7 /* Assets.xcassets */ = {isa = PBXFileReference; lastKnownFileType = folder.assetcatalog; path = Assets.xcassets; sourceTree = "<group>"; };
		67DB709126FD4CC500FF53B7 /* MinecraftBiomes.app */ = {isa = PBXFileReference; explicitFileType = wrapper.application; includeInIndex = 0; path = MinecraftBiomes.app; sourceTree = BUILT_PRODUCTS_DIR; };
		67DB709426FD4CC500FF53B7 /* Info.plist */ = {isa = PBXFileReference; lastKnownFileType = text.plist.xml; path = Info.plist; sourceTree = "<group>"; };
		67DB709926FD4CC500FF53B7 /* MinecraftBiomes.app */ = {isa = PBXFileReference; explicitFileType = wrapper.application; includeInIndex = 0; path = MinecraftBiomes.app; sourceTree = BUILT_PRODUCTS_DIR; };
		67DB709B26FD4CC500FF53B7 /* Info.plist */ = {isa = PBXFileReference; lastKnownFileType = text.plist.xml; path = Info.plist; sourceTree = "<group>"; };
		67DB709C26FD4CC500FF53B7 /* macOS.entitlements */ = {isa = PBXFileReference; lastKnownFileType = text.plist.entitlements; path = macOS.entitlements; sourceTree = "<group>"; };
/* End PBXFileReference section */

/* Begin PBXFrameworksBuildPhase section */
		67DB708E26FD4CC500FF53B7 /* Frameworks */ = {
			isa = PBXFrameworksBuildPhase;
			buildActionMask = 2147483647;
			files = (
			);
			runOnlyForDeploymentPostprocessing = 0;
		};
		67DB709626FD4CC500FF53B7 /* Frameworks */ = {
			isa = PBXFrameworksBuildPhase;
			buildActionMask = 2147483647;
			files = (
			);
			runOnlyForDeploymentPostprocessing = 0;
		};
/* End PBXFrameworksBuildPhase section */

/* Begin PBXGroup section */
		67DB708426FD4CBD00FF53B7 = {
			isa = PBXGroup;
			children = (
				67DB708926FD4CBD00FF53B7 /* Shared */,
				67DB709326FD4CC500FF53B7 /* iOS */,
				67DB709A26FD4CC500FF53B7 /* macOS */,
				67DB709226FD4CC500FF53B7 /* Products */,
			);
			sourceTree = "<group>";
		};
		67DB708926FD4CBD00FF53B7 /* Shared */ = {
			isa = PBXGroup;
			children = (
				67DB708A26FD4CBD00FF53B7 /* MinecraftBiomesApp.swift */,
				67DB708B26FD4CBD00FF53B7 /* ContentView.swift */,
				67DB708C26FD4CC500FF53B7 /* Assets.xcassets */,
			);
			path = Shared;
			sourceTree = "<group>";
		};
		67DB709226FD4CC500FF53B7 /* Products */ = {
			isa = PBXGroup;
			children = (
				67DB709126FD4CC500FF53B7 /* MinecraftBiomes.app */,
				67DB709926FD4CC500FF53B7 /* MinecraftBiomes.app */,
			);
			name = Products;
			sourceTree = "<group>";
		};
		67DB709326FD4CC500FF53B7 /* iOS */ = {
			isa = PBXGroup;
			children = (
				67DB709426FD4CC500FF53B7 /* Info.plist */,
			);
			path = iOS;
			sourceTree = "<group>";
		};
		67DB709A26FD4CC500FF53B7 /* macOS */ = {
			isa = PBXGroup;
			children = (
				67DB709B26FD4CC500FF53B7 /* Info.plist */,
				67DB709C26FD4CC500FF53B7 /* macOS.entitlements */,
			);
			path = macOS;
			sourceTree = "<group>";
		};
/* End PBXGroup section */

/* Begin PBXNativeTarget section */
		67DB709026FD4CC500FF53B7 /* MinecraftBiomes (iOS) */ = {
			isa = PBXNativeTarget;
			buildConfigurationList = 67DB70A526FD4CC500FF53B7 /* Build configuration list for PBXNativeTarget "MinecraftBiomes (iOS)" */;
			buildPhases = (
				67DB708D26FD4CC500FF53B7 /* Sources */,
				67DB708E26FD4CC500FF53B7 /* Frameworks */,
				67DB708F26FD4CC500FF53B7 /* Resources */,
			);
			buildRules = (
			);
			dependencies = (
			);
			name = "MinecraftBiomes (iOS)";
			productName = "MinecraftBiomas (iOS)";
			productReference = 67DB709126FD4CC500FF53B7 /* MinecraftBiomes.app */;
			productType = "com.apple.product-type.application";
		};
		67DB709826FD4CC500FF53B7 /* MinecraftBiomes (macOS) */ = {
			isa = PBXNativeTarget;
			buildConfigurationList = 67DB70A826FD4CC500FF53B7 /* Build configuration list for PBXNativeTarget "MinecraftBiomes (macOS)" */;
			buildPhases = (
				67DB709526FD4CC500FF53B7 /* Sources */,
				67DB709626FD4CC500FF53B7 /* Frameworks */,
				67DB709726FD4CC500FF53B7 /* Resources */,
			);
			buildRules = (
			);
			dependencies = (
			);
			name = "MinecraftBiomes (macOS)";
			productName = "MinecraftBiomas (macOS)";
			productReference = 67DB709926FD4CC500FF53B7 /* MinecraftBiomes.app */;
			productType = "com.apple.product-type.application";
		};
/* End PBXNativeTarget section */

/* Begin PBXProject section */
		67DB708526FD4CBD00FF53B7 /* Project object */ = {
			isa = PBXProject;
			attributes = {
				LastSwiftUpdateCheck = 1250;
				LastUpgradeCheck = 1250;
				TargetAttributes = {
					67DB709026FD4CC500FF53B7 = {
						CreatedOnToolsVersion = 12.5.1;
					};
					67DB709826FD4CC500FF53B7 = {
						CreatedOnToolsVersion = 12.5.1;
					};
				};
			};
			buildConfigurationList = 67DB708826FD4CBD00FF53B7 /* Build configuration list for PBXProject "MinecraftBiomes" */;
			compatibilityVersion = "Xcode 9.3";
			developmentRegion = en;
			hasScannedForEncodings = 0;
			knownRegions = (
				en,
				Base,
			);
			mainGroup = 67DB708426FD4CBD00FF53B7;
			productRefGroup = 67DB709226FD4CC500FF53B7 /* Products */;
			projectDirPath = "";
			projectRoot = "";
			targets = (
				67DB709026FD4CC500FF53B7 /* MinecraftBiomes (iOS) */,
				67DB709826FD4CC500FF53B7 /* MinecraftBiomes (macOS) */,
			);
		};
/* End PBXProject section */

/* Begin PBXResourcesBuildPhase section */
		67DB708F26FD4CC500FF53B7 /* Resources */ = {
			isa = PBXResourcesBuildPhase;
			buildActionMask = 2147483647;
			files = (
				67DB70A126FD4CC500FF53B7 /* Assets.xcassets in Resources */,
			);
			runOnlyForDeploymentPostprocessing = 0;
		};
		67DB709726FD4CC500FF53B7 /* Resources */ = {
			isa = PBXResourcesBuildPhase;
			buildActionMask = 2147483647;
			files = (
				67DB70A226FD4CC500FF53B7 /* Assets.xcassets in Resources */,
			);
			runOnlyForDeploymentPostprocessing = 0;
		};
/* End PBXResourcesBuildPhase section */

/* Begin PBXSourcesBuildPhase section */
		67DB708D26FD4CC500FF53B7 /* Sources */ = {
			isa = PBXSourcesBuildPhase;
			buildActionMask = 2147483647;
			files = (
				67DB709F26FD4CC500FF53B7 /* ContentView.swift in Sources */,
				67DB709D26FD4CC500FF53B7 /* MinecraftBiomesApp.swift in Sources */,
			);
			runOnlyForDeploymentPostprocessing = 0;
		};
		67DB709526FD4CC500FF53B7 /* Sources */ = {
			isa = PBXSourcesBuildPhase;
			buildActionMask = 2147483647;
			files = (
				67DB70A026FD4CC500FF53B7 /* ContentView.swift in Sources */,
				67DB709E26FD4CC500FF53B7 /* MinecraftBiomesApp.swift in Sources */,
			);
			runOnlyForDeploymentPostprocessing = 0;
		};
/* End PBXSourcesBuildPhase section */

/* Begin XCBuildConfiguration section */
		67DB70A326FD4CC500FF53B7 /* Debug */ = {
			isa = XCBuildConfiguration;
			buildSettings = {
				ALWAYS_SEARCH_USER_PATHS = NO;
				CLANG_ANALYZER_NONNULL = YES;
				CLANG_ANALYZER_NUMBER_OBJECT_CONVERSION = YES_AGGRESSIVE;
				CLANG_CXX_LANGUAGE_STANDARD = "gnu++14";
				CLANG_CXX_LIBRARY = "libc++";
				CLANG_ENABLE_MODULES = YES;
				CLANG_ENABLE_OBJC_ARC = YES;
				CLANG_ENABLE_OBJC_WEAK = YES;
				CLANG_WARN_BLOCK_CAPTURE_AUTORELEASING = YES;
				CLANG_WARN_BOOL_CONVERSION = YES;
				CLANG_WARN_COMMA = YES;
				CLANG_WARN_CONSTANT_CONVERSION = YES;
				CLANG_WARN_DEPRECATED_OBJC_IMPLEMENTATIONS = YES;
				CLANG_WARN_DIRECT_OBJC_ISA_USAGE = YES_ERROR;
				CLANG_WARN_DOCUMENTATION_COMMENTS = YES;
				CLANG_WARN_EMPTY_BODY = YES;
				CLANG_WARN_ENUM_CONVERSION = YES;
				CLANG_WARN_INFINITE_RECURSION = YES;
				CLANG_WARN_INT_CONVERSION = YES;
				CLANG_WARN_NON_LITERAL_NULL_CONVERSION = YES;
				CLANG_WARN_OBJC_IMPLICIT_RETAIN_SELF = YES;
				CLANG_WARN_OBJC_LITERAL_CONVERSION = YES;
				CLANG_WARN_OBJC_ROOT_CLASS = YES_ERROR;
				CLANG_WARN_QUOTED_INCLUDE_IN_FRAMEWORK_HEADER = YES;
				CLANG_WARN_RANGE_LOOP_ANALYSIS = YES;
				CLANG_WARN_STRICT_PROTOTYPES = YES;
				CLANG_WARN_SUSPICIOUS_MOVE = YES;
				CLANG_WARN_UNGUARDED_AVAILABILITY = YES_AGGRESSIVE;
				CLANG_WARN_UNREACHABLE_CODE = YES;
				CLANG_WARN__DUPLICATE_METHOD_MATCH = YES;
				COPY_PHASE_STRIP = NO;
				DEBUG_INFORMATION_FORMAT = dwarf;
				ENABLE_STRICT_OBJC_MSGSEND = YES;
				ENABLE_TESTABILITY = YES;
				GCC_C_LANGUAGE_STANDARD = gnu11;
				GCC_DYNAMIC_NO_PIC = NO;
				GCC_NO_COMMON_BLOCKS = YES;
				GCC_OPTIMIZATION_LEVEL = 0;
				GCC_PREPROCESSOR_DEFINITIONS = (
					"DEBUG=1",
					"$(inherited)",
				);
				GCC_WARN_64_TO_32_BIT_CONVERSION = YES;
				GCC_WARN_ABOUT_RETURN_TYPE = YES_ERROR;
				GCC_WARN_UNDECLARED_SELECTOR = YES;
				GCC_WARN_UNINITIALIZED_AUTOS = YES_AGGRESSIVE;
				GCC_WARN_UNUSED_FUNCTION = YES;
				GCC_WARN_UNUSED_VARIABLE = YES;
				MTL_ENABLE_DEBUG_INFO = INCLUDE_SOURCE;
				MTL_FAST_MATH = YES;
				ONLY_ACTIVE_ARCH = YES;
				SWIFT_ACTIVE_COMPILATION_CONDITIONS = DEBUG;
				SWIFT_OPTIMIZATION_LEVEL = "-Onone";
			};
			name = Debug;
		};
		67DB70A426FD4CC500FF53B7 /* Release */ = {
			isa = XCBuildConfiguration;
			buildSettings = {
				ALWAYS_SEARCH_USER_PATHS = NO;
				CLANG_ANALYZER_NONNULL = YES;
				CLANG_ANALYZER_NUMBER_OBJECT_CONVERSION = YES_AGGRESSIVE;
				CLANG_CXX_LANGUAGE_STANDARD = "gnu++14";
				CLANG_CXX_LIBRARY = "libc++";
				CLANG_ENABLE_MODULES = YES;
				CLANG_ENABLE_OBJC_ARC = YES;
				CLANG_ENABLE_OBJC_WEAK = YES;
				CLANG_WARN_BLOCK_CAPTURE_AUTORELEASING = YES;
				CLANG_WARN_BOOL_CONVERSION = YES;
				CLANG_WARN_COMMA = YES;
				CLANG_WARN_CONSTANT_CONVERSION = YES;
				CLANG_WARN_DEPRECATED_OBJC_IMPLEMENTATIONS = YES;
				CLANG_WARN_DIRECT_OBJC_ISA_USAGE = YES_ERROR;
				CLANG_WARN_DOCUMENTATION_COMMENTS = YES;
				CLANG_WARN_EMPTY_BODY = YES;
				CLANG_WARN_ENUM_CONVERSION = YES;
				CLANG_WARN_INFINITE_RECURSION = YES;
				CLANG_WARN_INT_CONVERSION = YES;
				CLANG_WARN_NON_LITERAL_NULL_CONVERSION = YES;
				CLANG_WARN_OBJC_IMPLICIT_RETAIN_SELF = YES;
				CLANG_WARN_OBJC_LITERAL_CONVERSION = YES;
				CLANG_WARN_OBJC_ROOT_CLASS = YES_ERROR;
				CLANG_WARN_QUOTED_INCLUDE_IN_FRAMEWORK_HEADER = YES;
				CLANG_WARN_RANGE_LOOP_ANALYSIS = YES;
				CLANG_WARN_STRICT_PROTOTYPES = YES;
				CLANG_WARN_SUSPICIOUS_MOVE = YES;
				CLANG_WARN_UNGUARDED_AVAILABILITY = YES_AGGRESSIVE;
				CLANG_WARN_UNREACHABLE_CODE = YES;
				CLANG_WARN__DUPLICATE_METHOD_MATCH = YES;
				COPY_PHASE_STRIP = NO;
				DEBUG_INFORMATION_FORMAT = "dwarf-with-dsym";
				ENABLE_NS_ASSERTIONS = NO;
				ENABLE_STRICT_OBJC_MSGSEND = YES;
				GCC_C_LANGUAGE_STANDARD = gnu11;
				GCC_NO_COMMON_BLOCKS = YES;
				GCC_WARN_64_TO_32_BIT_CONVERSION = YES;
				GCC_WARN_ABOUT_RETURN_TYPE = YES_ERROR;
				GCC_WARN_UNDECLARED_SELECTOR = YES;
				GCC_WARN_UNINITIALIZED_AUTOS = YES_AGGRESSIVE;
				GCC_WARN_UNUSED_FUNCTION = YES;
				GCC_WARN_UNUSED_VARIABLE = YES;
				MTL_ENABLE_DEBUG_INFO = NO;
				MTL_FAST_MATH = YES;
				SWIFT_COMPILATION_MODE = wholemodule;
				SWIFT_OPTIMIZATION_LEVEL = "-O";
			};
			name = Release;
		};
		67DB70A626FD4CC500FF53B7 /* Debug */ = {
			isa = XCBuildConfiguration;
			buildSettings = {
				ASSETCATALOG_COMPILER_APPICON_NAME = AppIcon;
				ASSETCATALOG_COMPILER_GLOBAL_ACCENT_COLOR_NAME = AccentColor;
				CODE_SIGN_STYLE = Automatic;
				DEVELOPMENT_TEAM = HKD2VCZ3TM;
				ENABLE_PREVIEWS = YES;
				INFOPLIST_FILE = iOS/Info.plist;
				IPHONEOS_DEPLOYMENT_TARGET = 14.0;
				LD_RUNPATH_SEARCH_PATHS = (
					"$(inherited)",
					"@executable_path/Frameworks",
				);
				PRODUCT_BUNDLE_IDENTIFIER = com.maetschl.swiftui.MinecraftBiomas;
				PRODUCT_NAME = MinecraftBiomes;
				SDKROOT = iphoneos;
				SWIFT_VERSION = 5.0;
				TARGETED_DEVICE_FAMILY = "1,2";
			};
			name = Debug;
		};
		67DB70A726FD4CC500FF53B7 /* Release */ = {
			isa = XCBuildConfiguration;
			buildSettings = {
				ASSETCATALOG_COMPILER_APPICON_NAME = AppIcon;
				ASSETCATALOG_COMPILER_GLOBAL_ACCENT_COLOR_NAME = AccentColor;
				CODE_SIGN_STYLE = Automatic;
				DEVELOPMENT_TEAM = HKD2VCZ3TM;
				ENABLE_PREVIEWS = YES;
				INFOPLIST_FILE = iOS/Info.plist;
				IPHONEOS_DEPLOYMENT_TARGET = 14.0;
				LD_RUNPATH_SEARCH_PATHS = (
					"$(inherited)",
					"@executable_path/Frameworks",
				);
				PRODUCT_BUNDLE_IDENTIFIER = com.maetschl.swiftui.MinecraftBiomas;
				PRODUCT_NAME = MinecraftBiomes;
				SDKROOT = iphoneos;
				SWIFT_VERSION = 5.0;
				TARGETED_DEVICE_FAMILY = "1,2";
				VALIDATE_PRODUCT = YES;
			};
			name = Release;
		};
		67DB70A926FD4CC500FF53B7 /* Debug */ = {
			isa = XCBuildConfiguration;
			buildSettings = {
				ASSETCATALOG_COMPILER_APPICON_NAME = AppIcon;
				ASSETCATALOG_COMPILER_GLOBAL_ACCENT_COLOR_NAME = AccentColor;
				CODE_SIGN_ENTITLEMENTS = macOS/macOS.entitlements;
				CODE_SIGN_STYLE = Automatic;
				COMBINE_HIDPI_IMAGES = YES;
				DEVELOPMENT_TEAM = HKD2VCZ3TM;
				ENABLE_HARDENED_RUNTIME = YES;
				ENABLE_PREVIEWS = YES;
				INFOPLIST_FILE = macOS/Info.plist;
				LD_RUNPATH_SEARCH_PATHS = (
					"$(inherited)",
					"@executable_path/../Frameworks",
				);
				MACOSX_DEPLOYMENT_TARGET = 11.0;
				PRODUCT_BUNDLE_IDENTIFIER = com.maetschl.swiftui.MinecraftBiomas;
				PRODUCT_NAME = MinecraftBiomes;
				SDKROOT = macosx;
				SWIFT_VERSION = 5.0;
			};
			name = Debug;
		};
		67DB70AA26FD4CC500FF53B7 /* Release */ = {
			isa = XCBuildConfiguration;
			buildSettings = {
				ASSETCATALOG_COMPILER_APPICON_NAME = AppIcon;
				ASSETCATALOG_COMPILER_GLOBAL_ACCENT_COLOR_NAME = AccentColor;
				CODE_SIGN_ENTITLEMENTS = macOS/macOS.entitlements;
				CODE_SIGN_STYLE = Automatic;
				COMBINE_HIDPI_IMAGES = YES;
				DEVELOPMENT_TEAM = HKD2VCZ3TM;
				ENABLE_HARDENED_RUNTIME = YES;
				ENABLE_PREVIEWS = YES;
				INFOPLIST_FILE = macOS/Info.plist;
				LD_RUNPATH_SEARCH_PATHS = (
					"$(inherited)",
					"@executable_path/../Frameworks",
				);
				MACOSX_DEPLOYMENT_TARGET = 11.0;
				PRODUCT_BUNDLE_IDENTIFIER = com.maetschl.swiftui.MinecraftBiomas;
				PRODUCT_NAME = MinecraftBiomes;
				SDKROOT = macosx;
				SWIFT_VERSION = 5.0;
			};
			name = Release;
		};
/* End XCBuildConfiguration section */

/* Begin XCConfigurationList section */
		67DB708826FD4CBD00FF53B7 /* Build configuration list for PBXProject "MinecraftBiomes" */ = {
			isa = XCConfigurationList;
			buildConfigurations = (
				67DB70A326FD4CC500FF53B7 /* Debug */,
				67DB70A426FD4CC500FF53B7 /* Release */,
			);
			defaultConfigurationIsVisible = 0;
			defaultConfigurationName = Release;
		};
		67DB70A526FD4CC500FF53B7 /* Build configuration list for PBXNativeTarget "MinecraftBiomes (iOS)" */ = {
			isa = XCConfigurationList;
			buildConfigurations = (
				67DB70A626FD4CC500FF53B7 /* Debug */,
				67DB70A726FD4CC500FF53B7 /* Release */,
			);
			defaultConfigurationIsVisible = 0;
			defaultConfigurationName = Release;
		};
		67DB70A826FD4CC500FF53B7 /* Build configuration list for PBXNativeTarget "MinecraftBiomes (macOS)" */ = {
			isa = XCConfigurationList;
			buildConfigurations = (
				67DB70A926FD4CC500FF53B7 /* Debug */,
				67DB70AA26FD4CC500FF53B7 /* Release */,
			);
			defaultConfigurationIsVisible = 0;
			defaultConfigurationName = Release;
		};
/* End XCConfigurationList section */
	};
	rootObject = 67DB708526FD4CBD00FF53B7 /* Project object */;
}
