// !$*UTF8*$!
{
	archiveVersion = 1;
	classes = {
	};
	objectVersion = 50;
	objects = {

/* Begin PBXBuildFile section */
		67DB707626FD202400FF53B7 /* FormMultiplatformApp.swift in Sources */ = {isa = PBXBuildFile; fileRef = 67DB706326FD202100FF53B7 /* FormMultiplatformApp.swift */; };
		67DB707726FD202400FF53B7 /* FormMultiplatformApp.swift in Sources */ = {isa = PBXBuildFile; fileRef = 67DB706326FD202100FF53B7 /* FormMultiplatformApp.swift */; };
		67DB707826FD202400FF53B7 /* ContentView.swift in Sources */ = {isa = PBXBuildFile; fileRef = 67DB706426FD202100FF53B7 /* ContentView.swift */; };
		67DB707926FD202400FF53B7 /* ContentView.swift in Sources */ = {isa = PBXBuildFile; fileRef = 67DB706426FD202100FF53B7 /* ContentView.swift */; };
		67DB707A26FD202400FF53B7 /* Assets.xcassets in Resources */ = {isa = PBXBuildFile; fileRef = 67DB706526FD202400FF53B7 /* Assets.xcassets */; };
		67DB707B26FD202400FF53B7 /* Assets.xcassets in Resources */ = {isa = PBXBuildFile; fileRef = 67DB706526FD202400FF53B7 /* Assets.xcassets */; };
/* End PBXBuildFile section */

/* Begin PBXFileReference section */
		67DB706326FD202100FF53B7 /* FormMultiplatformApp.swift */ = {isa = PBXFileReference; lastKnownFileType = sourcecode.swift; path = FormMultiplatformApp.swift; sourceTree = "<group>"; };
		67DB706426FD202100FF53B7 /* ContentView.swift */ = {isa = PBXFileReference; lastKnownFileType = sourcecode.swift; path = ContentView.swift; sourceTree = "<group>"; };
		67DB706526FD202400FF53B7 /* Assets.xcassets */ = {isa = PBXFileReference; lastKnownFileType = folder.assetcatalog; path = Assets.xcassets; sourceTree = "<group>"; };
		67DB706A26FD202400FF53B7 /* FormMultiplatform.app */ = {isa = PBXFileReference; explicitFileType = wrapper.application; includeInIndex = 0; path = FormMultiplatform.app; sourceTree = BUILT_PRODUCTS_DIR; };
		67DB706D26FD202400FF53B7 /* Info.plist */ = {isa = PBXFileReference; lastKnownFileType = text.plist.xml; path = Info.plist; sourceTree = "<group>"; };
		67DB707226FD202400FF53B7 /* FormMultiplatform.app */ = {isa = PBXFileReference; explicitFileType = wrapper.application; includeInIndex = 0; path = FormMultiplatform.app; sourceTree = BUILT_PRODUCTS_DIR; };
		67DB707426FD202400FF53B7 /* Info.plist */ = {isa = PBXFileReference; lastKnownFileType = text.plist.xml; path = Info.plist; sourceTree = "<group>"; };
		67DB707526FD202400FF53B7 /* macOS.entitlements */ = {isa = PBXFileReference; lastKnownFileType = text.plist.entitlements; path = macOS.entitlements; sourceTree = "<group>"; };
/* End PBXFileReference section */

/* Begin PBXFrameworksBuildPhase section */
		67DB706726FD202400FF53B7 /* Frameworks */ = {
			isa = PBXFrameworksBuildPhase;
			buildActionMask = 2147483647;
			files = (
			);
			runOnlyForDeploymentPostprocessing = 0;
		};
		67DB706F26FD202400FF53B7 /* Frameworks */ = {
			isa = PBXFrameworksBuildPhase;
			buildActionMask = 2147483647;
			files = (
			);
			runOnlyForDeploymentPostprocessing = 0;
		};
/* End PBXFrameworksBuildPhase section */

/* Begin PBXGroup section */
		67DB705D26FD202100FF53B7 = {
			isa = PBXGroup;
			children = (
				67DB706226FD202100FF53B7 /* Shared */,
				67DB706C26FD202400FF53B7 /* iOS */,
				67DB707326FD202400FF53B7 /* macOS */,
				67DB706B26FD202400FF53B7 /* Products */,
			);
			sourceTree = "<group>";
		};
		67DB706226FD202100FF53B7 /* Shared */ = {
			isa = PBXGroup;
			children = (
				67DB706326FD202100FF53B7 /* FormMultiplatformApp.swift */,
				67DB706426FD202100FF53B7 /* ContentView.swift */,
				67DB706526FD202400FF53B7 /* Assets.xcassets */,
			);
			path = Shared;
			sourceTree = "<group>";
		};
		67DB706B26FD202400FF53B7 /* Products */ = {
			isa = PBXGroup;
			children = (
				67DB706A26FD202400FF53B7 /* FormMultiplatform.app */,
				67DB707226FD202400FF53B7 /* FormMultiplatform.app */,
			);
			name = Products;
			sourceTree = "<group>";
		};
		67DB706C26FD202400FF53B7 /* iOS */ = {
			isa = PBXGroup;
			children = (
				67DB706D26FD202400FF53B7 /* Info.plist */,
			);
			path = iOS;
			sourceTree = "<group>";
		};
		67DB707326FD202400FF53B7 /* macOS */ = {
			isa = PBXGroup;
			children = (
				67DB707426FD202400FF53B7 /* Info.plist */,
				67DB707526FD202400FF53B7 /* macOS.entitlements */,
			);
			path = macOS;
			sourceTree = "<group>";
		};
/* End PBXGroup section */

/* Begin PBXNativeTarget section */
		67DB706926FD202400FF53B7 /* FormMultiplatform (iOS) */ = {
			isa = PBXNativeTarget;
			buildConfigurationList = 67DB707E26FD202400FF53B7 /* Build configuration list for PBXNativeTarget "FormMultiplatform (iOS)" */;
			buildPhases = (
				67DB706626FD202400FF53B7 /* Sources */,
				67DB706726FD202400FF53B7 /* Frameworks */,
				67DB706826FD202400FF53B7 /* Resources */,
			);
			buildRules = (
			);
			dependencies = (
			);
			name = "FormMultiplatform (iOS)";
			productName = "FormMultiplatform (iOS)";
			productReference = 67DB706A26FD202400FF53B7 /* FormMultiplatform.app */;
			productType = "com.apple.product-type.application";
		};
		67DB707126FD202400FF53B7 /* FormMultiplatform (macOS) */ = {
			isa = PBXNativeTarget;
			buildConfigurationList = 67DB708126FD202400FF53B7 /* Build configuration list for PBXNativeTarget "FormMultiplatform (macOS)" */;
			buildPhases = (
				67DB706E26FD202400FF53B7 /* Sources */,
				67DB706F26FD202400FF53B7 /* Frameworks */,
				67DB707026FD202400FF53B7 /* Resources */,
			);
			buildRules = (
			);
			dependencies = (
			);
			name = "FormMultiplatform (macOS)";
			productName = "FormMultiplatform (macOS)";
			productReference = 67DB707226FD202400FF53B7 /* FormMultiplatform.app */;
			productType = "com.apple.product-type.application";
		};
/* End PBXNativeTarget section */

/* Begin PBXProject section */
		67DB705E26FD202100FF53B7 /* Project object */ = {
			isa = PBXProject;
			attributes = {
				LastSwiftUpdateCheck = 1250;
				LastUpgradeCheck = 1250;
				TargetAttributes = {
					67DB706926FD202400FF53B7 = {
						CreatedOnToolsVersion = 12.5.1;
					};
					67DB707126FD202400FF53B7 = {
						CreatedOnToolsVersion = 12.5.1;
					};
				};
			};
			buildConfigurationList = 67DB706126FD202100FF53B7 /* Build configuration list for PBXProject "FormMultiplatform" */;
			compatibilityVersion = "Xcode 9.3";
			developmentRegion = en;
			hasScannedForEncodings = 0;
			knownRegions = (
				en,
				Base,
			);
			mainGroup = 67DB705D26FD202100FF53B7;
			productRefGroup = 67DB706B26FD202400FF53B7 /* Products */;
			projectDirPath = "";
			projectRoot = "";
			targets = (
				67DB706926FD202400FF53B7 /* FormMultiplatform (iOS) */,
				67DB707126FD202400FF53B7 /* FormMultiplatform (macOS) */,
			);
		};
/* End PBXProject section */

/* Begin PBXResourcesBuildPhase section */
		67DB706826FD202400FF53B7 /* Resources */ = {
			isa = PBXResourcesBuildPhase;
			buildActionMask = 2147483647;
			files = (
				67DB707A26FD202400FF53B7 /* Assets.xcassets in Resources */,
			);
			runOnlyForDeploymentPostprocessing = 0;
		};
		67DB707026FD202400FF53B7 /* Resources */ = {
			isa = PBXResourcesBuildPhase;
			buildActionMask = 2147483647;
			files = (
				67DB707B26FD202400FF53B7 /* Assets.xcassets in Resources */,
			);
			runOnlyForDeploymentPostprocessing = 0;
		};
/* End PBXResourcesBuildPhase section */

/* Begin PBXSourcesBuildPhase section */
		67DB706626FD202400FF53B7 /* Sources */ = {
			isa = PBXSourcesBuildPhase;
			buildActionMask = 2147483647;
			files = (
				67DB707826FD202400FF53B7 /* ContentView.swift in Sources */,
				67DB707626FD202400FF53B7 /* FormMultiplatformApp.swift in Sources */,
			);
			runOnlyForDeploymentPostprocessing = 0;
		};
		67DB706E26FD202400FF53B7 /* Sources */ = {
			isa = PBXSourcesBuildPhase;
			buildActionMask = 2147483647;
			files = (
				67DB707926FD202400FF53B7 /* ContentView.swift in Sources */,
				67DB707726FD202400FF53B7 /* FormMultiplatformApp.swift in Sources */,
			);
			runOnlyForDeploymentPostprocessing = 0;
		};
/* End PBXSourcesBuildPhase section */

/* Begin XCBuildConfiguration section */
		67DB707C26FD202400FF53B7 /* Debug */ = {
			isa = XCBuildConfiguration;
			buildSettings = {
				ALWAYS_SEARCH_USER_PATHS = NO;
				CLANG_ANALYZER_NONNULL = YES;
				CLANG_ANALYZER_NUMBER_OBJECT_CONVERSION = YES_AGGRESSIVE;
				CLANG_CXX_LANGUAGE_STANDARD = "gnu++14";
				CLANG_CXX_LIBRARY = "libc++";
				CLANG_ENABLE_MODULES = YES;
				CLANG_ENABLE_OBJC_ARC = YES;
				CLANG_ENABLE_OBJC_WEAK = YES;
				CLANG_WARN_BLOCK_CAPTURE_AUTORELEASING = YES;
				CLANG_WARN_BOOL_CONVERSION = YES;
				CLANG_WARN_COMMA = YES;
				CLANG_WARN_CONSTANT_CONVERSION = YES;
				CLANG_WARN_DEPRECATED_OBJC_IMPLEMENTATIONS = YES;
				CLANG_WARN_DIRECT_OBJC_ISA_USAGE = YES_ERROR;
				CLANG_WARN_DOCUMENTATION_COMMENTS = YES;
				CLANG_WARN_EMPTY_BODY = YES;
				CLANG_WARN_ENUM_CONVERSION = YES;
				CLANG_WARN_INFINITE_RECURSION = YES;
				CLANG_WARN_INT_CONVERSION = YES;
				CLANG_WARN_NON_LITERAL_NULL_CONVERSION = YES;
				CLANG_WARN_OBJC_IMPLICIT_RETAIN_SELF = YES;
				CLANG_WARN_OBJC_LITERAL_CONVERSION = YES;
				CLANG_WARN_OBJC_ROOT_CLASS = YES_ERROR;
				CLANG_WARN_QUOTED_INCLUDE_IN_FRAMEWORK_HEADER = YES;
				CLANG_WARN_RANGE_LOOP_ANALYSIS = YES;
				CLANG_WARN_STRICT_PROTOTYPES = YES;
				CLANG_WARN_SUSPICIOUS_MOVE = YES;
				CLANG_WARN_UNGUARDED_AVAILABILITY = YES_AGGRESSIVE;
				CLANG_WARN_UNREACHABLE_CODE = YES;
				CLANG_WARN__DUPLICATE_METHOD_MATCH = YES;
				COPY_PHASE_STRIP = NO;
				DEBUG_INFORMATION_FORMAT = dwarf;
				ENABLE_STRICT_OBJC_MSGSEND = YES;
				ENABLE_TESTABILITY = YES;
				GCC_C_LANGUAGE_STANDARD = gnu11;
				GCC_DYNAMIC_NO_PIC = NO;
				GCC_NO_COMMON_BLOCKS = YES;
				GCC_OPTIMIZATION_LEVEL = 0;
				GCC_PREPROCESSOR_DEFINITIONS = (
					"DEBUG=1",
					"$(inherited)",
				);
				GCC_WARN_64_TO_32_BIT_CONVERSION = YES;
				GCC_WARN_ABOUT_RETURN_TYPE = YES_ERROR;
				GCC_WARN_UNDECLARED_SELECTOR = YES;
				GCC_WARN_UNINITIALIZED_AUTOS = YES_AGGRESSIVE;
				GCC_WARN_UNUSED_FUNCTION = YES;
				GCC_WARN_UNUSED_VARIABLE = YES;
				MTL_ENABLE_DEBUG_INFO = INCLUDE_SOURCE;
				MTL_FAST_MATH = YES;
				ONLY_ACTIVE_ARCH = YES;
				SWIFT_ACTIVE_COMPILATION_CONDITIONS = DEBUG;
				SWIFT_OPTIMIZATION_LEVEL = "-Onone";
			};
			name = Debug;
		};
		67DB707D26FD202400FF53B7 /* Release */ = {
			isa = XCBuildConfiguration;
			buildSettings = {
				ALWAYS_SEARCH_USER_PATHS = NO;
				CLANG_ANALYZER_NONNULL = YES;
				CLANG_ANALYZER_NUMBER_OBJECT_CONVERSION = YES_AGGRESSIVE;
				CLANG_CXX_LANGUAGE_STANDARD = "gnu++14";
				CLANG_CXX_LIBRARY = "libc++";
				CLANG_ENABLE_MODULES = YES;
				CLANG_ENABLE_OBJC_ARC = YES;
				CLANG_ENABLE_OBJC_WEAK = YES;
				CLANG_WARN_BLOCK_CAPTURE_AUTORELEASING = YES;
				CLANG_WARN_BOOL_CONVERSION = YES;
				CLANG_WARN_COMMA = YES;
				CLANG_WARN_CONSTANT_CONVERSION = YES;
				CLANG_WARN_DEPRECATED_OBJC_IMPLEMENTATIONS = YES;
				CLANG_WARN_DIRECT_OBJC_ISA_USAGE = YES_ERROR;
				CLANG_WARN_DOCUMENTATION_COMMENTS = YES;
				CLANG_WARN_EMPTY_BODY = YES;
				CLANG_WARN_ENUM_CONVERSION = YES;
				CLANG_WARN_INFINITE_RECURSION = YES;
				CLANG_WARN_INT_CONVERSION = YES;
				CLANG_WARN_NON_LITERAL_NULL_CONVERSION = YES;
				CLANG_WARN_OBJC_IMPLICIT_RETAIN_SELF = YES;
				CLANG_WARN_OBJC_LITERAL_CONVERSION = YES;
				CLANG_WARN_OBJC_ROOT_CLASS = YES_ERROR;
				CLANG_WARN_QUOTED_INCLUDE_IN_FRAMEWORK_HEADER = YES;
				CLANG_WARN_RANGE_LOOP_ANALYSIS = YES;
				CLANG_WARN_STRICT_PROTOTYPES = YES;
				CLANG_WARN_SUSPICIOUS_MOVE = YES;
				CLANG_WARN_UNGUARDED_AVAILABILITY = YES_AGGRESSIVE;
				CLANG_WARN_UNREACHABLE_CODE = YES;
				CLANG_WARN__DUPLICATE_METHOD_MATCH = YES;
				COPY_PHASE_STRIP = NO;
				DEBUG_INFORMATION_FORMAT = "dwarf-with-dsym";
				ENABLE_NS_ASSERTIONS = NO;
				ENABLE_STRICT_OBJC_MSGSEND = YES;
				GCC_C_LANGUAGE_STANDARD = gnu11;
				GCC_NO_COMMON_BLOCKS = YES;
				GCC_WARN_64_TO_32_BIT_CONVERSION = YES;
				GCC_WARN_ABOUT_RETURN_TYPE = YES_ERROR;
				GCC_WARN_UNDECLARED_SELECTOR = YES;
				GCC_WARN_UNINITIALIZED_AUTOS = YES_AGGRESSIVE;
				GCC_WARN_UNUSED_FUNCTION = YES;
				GCC_WARN_UNUSED_VARIABLE = YES;
				MTL_ENABLE_DEBUG_INFO = NO;
				MTL_FAST_MATH = YES;
				SWIFT_COMPILATION_MODE = wholemodule;
				SWIFT_OPTIMIZATION_LEVEL = "-O";
			};
			name = Release;
		};
		67DB707F26FD202400FF53B7 /* Debug */ = {
			isa = XCBuildConfiguration;
			buildSettings = {
				ASSETCATALOG_COMPILER_APPICON_NAME = AppIcon;
				ASSETCATALOG_COMPILER_GLOBAL_ACCENT_COLOR_NAME = AccentColor;
				CODE_SIGN_STYLE = Automatic;
				DEVELOPMENT_TEAM = HKD2VCZ3TM;
				ENABLE_PREVIEWS = YES;
				INFOPLIST_FILE = iOS/Info.plist;
				IPHONEOS_DEPLOYMENT_TARGET = 14.0;
				LD_RUNPATH_SEARCH_PATHS = (
					"$(inherited)",
					"@executable_path/Frameworks",
				);
				PRODUCT_BUNDLE_IDENTIFIER = com.maetschl.swiftui.FormMultiplatform;
				PRODUCT_NAME = FormMultiplatform;
				SDKROOT = iphoneos;
				SWIFT_VERSION = 5.0;
				TARGETED_DEVICE_FAMILY = "1,2";
			};
			name = Debug;
		};
		67DB708026FD202400FF53B7 /* Release */ = {
			isa = XCBuildConfiguration;
			buildSettings = {
				ASSETCATALOG_COMPILER_APPICON_NAME = AppIcon;
				ASSETCATALOG_COMPILER_GLOBAL_ACCENT_COLOR_NAME = AccentColor;
				CODE_SIGN_STYLE = Automatic;
				DEVELOPMENT_TEAM = HKD2VCZ3TM;
				ENABLE_PREVIEWS = YES;
				INFOPLIST_FILE = iOS/Info.plist;
				IPHONEOS_DEPLOYMENT_TARGET = 14.0;
				LD_RUNPATH_SEARCH_PATHS = (
					"$(inherited)",
					"@executable_path/Frameworks",
				);
				PRODUCT_BUNDLE_IDENTIFIER = com.maetschl.swiftui.FormMultiplatform;
				PRODUCT_NAME = FormMultiplatform;
				SDKROOT = iphoneos;
				SWIFT_VERSION = 5.0;
				TARGETED_DEVICE_FAMILY = "1,2";
				VALIDATE_PRODUCT = YES;
			};
			name = Release;
		};
		67DB708226FD202400FF53B7 /* Debug */ = {
			isa = XCBuildConfiguration;
			buildSettings = {
				ASSETCATALOG_COMPILER_APPICON_NAME = AppIcon;
				ASSETCATALOG_COMPILER_GLOBAL_ACCENT_COLOR_NAME = AccentColor;
				CODE_SIGN_ENTITLEMENTS = macOS/macOS.entitlements;
				CODE_SIGN_STYLE = Automatic;
				COMBINE_HIDPI_IMAGES = YES;
				DEVELOPMENT_TEAM = HKD2VCZ3TM;
				ENABLE_HARDENED_RUNTIME = YES;
				ENABLE_PREVIEWS = YES;
				INFOPLIST_FILE = macOS/Info.plist;
				LD_RUNPATH_SEARCH_PATHS = (
					"$(inherited)",
					"@executable_path/../Frameworks",
				);
				MACOSX_DEPLOYMENT_TARGET = 11.0;
				PRODUCT_BUNDLE_IDENTIFIER = com.maetschl.swiftui.FormMultiplatform;
				PRODUCT_NAME = FormMultiplatform;
				SDKROOT = macosx;
				SWIFT_VERSION = 5.0;
			};
			name = Debug;
		};
		67DB708326FD202400FF53B7 /* Release */ = {
			isa = XCBuildConfiguration;
			buildSettings = {
				ASSETCATALOG_COMPILER_APPICON_NAME = AppIcon;
				ASSETCATALOG_COMPILER_GLOBAL_ACCENT_COLOR_NAME = AccentColor;
				CODE_SIGN_ENTITLEMENTS = macOS/macOS.entitlements;
				CODE_SIGN_STYLE = Automatic;
				COMBINE_HIDPI_IMAGES = YES;
				DEVELOPMENT_TEAM = HKD2VCZ3TM;
				ENABLE_HARDENED_RUNTIME = YES;
				ENABLE_PREVIEWS = YES;
				INFOPLIST_FILE = macOS/Info.plist;
				LD_RUNPATH_SEARCH_PATHS = (
					"$(inherited)",
					"@executable_path/../Frameworks",
				);
				MACOSX_DEPLOYMENT_TARGET = 11.0;
				PRODUCT_BUNDLE_IDENTIFIER = com.maetschl.swiftui.FormMultiplatform;
				PRODUCT_NAME = FormMultiplatform;
				SDKROOT = macosx;
				SWIFT_VERSION = 5.0;
			};
			name = Release;
		};
/* End XCBuildConfiguration section */

/* Begin XCConfigurationList section */
		67DB706126FD202100FF53B7 /* Build configuration list for PBXProject "FormMultiplatform" */ = {
			isa = XCConfigurationList;
			buildConfigurations = (
				67DB707C26FD202400FF53B7 /* Debug */,
				67DB707D26FD202400FF53B7 /* Release */,
			);
			defaultConfigurationIsVisible = 0;
			defaultConfigurationName = Release;
		};
		67DB707E26FD202400FF53B7 /* Build configuration list for PBXNativeTarget "FormMultiplatform (iOS)" */ = {
			isa = XCConfigurationList;
			buildConfigurations = (
				67DB707F26FD202400FF53B7 /* Debug */,
				67DB708026FD202400FF53B7 /* Release */,
			);
			defaultConfigurationIsVisible = 0;
			defaultConfigurationName = Release;
		};
		67DB708126FD202400FF53B7 /* Build configuration list for PBXNativeTarget "FormMultiplatform (macOS)" */ = {
			isa = XCConfigurationList;
			buildConfigurations = (
				67DB708226FD202400FF53B7 /* Debug */,
				67DB708326FD202400FF53B7 /* Release */,
			);
			defaultConfigurationIsVisible = 0;
			defaultConfigurationName = Release;
		};
/* End XCConfigurationList section */
	};
	rootObject = 67DB705E26FD202100FF53B7 /* Project object */;
}
