// !$*UTF8*$!
{
	archiveVersion = 1;
	classes = {
	};
	objectVersion = 50;
	objects = {

/* Begin PBXBuildFile section */
		670986E8244CC8DF00693E21 /* AppDelegate.swift in Sources */ = {isa = PBXBuildFile; fileRef = 670986E7244CC8DF00693E21 /* AppDelegate.swift */; };
		670986EA244CC8DF00693E21 /* SceneDelegate.swift in Sources */ = {isa = PBXBuildFile; fileRef = 670986E9244CC8DF00693E21 /* SceneDelegate.swift */; };
		670986EC244CC8DF00693E21 /* ContentView.swift in Sources */ = {isa = PBXBuildFile; fileRef = 670986EB244CC8DF00693E21 /* ContentView.swift */; };
		670986EE244CC8E200693E21 /* Assets.xcassets in Resources */ = {isa = PBXBuildFile; fileRef = 670986ED244CC8E200693E21 /* Assets.xcassets */; };
		670986F1244CC8E200693E21 /* Preview Assets.xcassets in Resources */ = {isa = PBXBuildFile; fileRef = 670986F0244CC8E200693E21 /* Preview Assets.xcassets */; };
		670986F4244CC8E200693E21 /* LaunchScreen.storyboard in Resources */ = {isa = PBXBuildFile; fileRef = 670986F2244CC8E200693E21 /* LaunchScreen.storyboard */; };
/* End PBXBuildFile section */

/* Begin PBXFileReference section */
		670986E4244CC8DF00693E21 /* ProfileSingleView.app */ = {isa = PBXFileReference; explicitFileType = wrapper.application; includeInIndex = 0; path = ProfileSingleView.app; sourceTree = BUILT_PRODUCTS_DIR; };
		670986E7244CC8DF00693E21 /* AppDelegate.swift */ = {isa = PBXFileReference; lastKnownFileType = sourcecode.swift; path = AppDelegate.swift; sourceTree = "<group>"; };
		670986E9244CC8DF00693E21 /* SceneDelegate.swift */ = {isa = PBXFileReference; lastKnownFileType = sourcecode.swift; path = SceneDelegate.swift; sourceTree = "<group>"; };
		670986EB244CC8DF00693E21 /* ContentView.swift */ = {isa = PBXFileReference; lastKnownFileType = sourcecode.swift; path = ContentView.swift; sourceTree = "<group>"; };
		670986ED244CC8E200693E21 /* Assets.xcassets */ = {isa = PBXFileReference; lastKnownFileType = folder.assetcatalog; path = Assets.xcassets; sourceTree = "<group>"; };
		670986F0244CC8E200693E21 /* Preview Assets.xcassets */ = {isa = PBXFileReference; lastKnownFileType = folder.assetcatalog; path = "Preview Assets.xcassets"; sourceTree = "<group>"; };
		670986F3244CC8E200693E21 /* Base */ = {isa = PBXFileReference; lastKnownFileType = file.storyboard; name = Base; path = Base.lproj/LaunchScreen.storyboard; sourceTree = "<group>"; };
		670986F5244CC8E200693E21 /* Info.plist */ = {isa = PBXFileReference; lastKnownFileType = text.plist.xml; path = Info.plist; sourceTree = "<group>"; };
/* End PBXFileReference section */

/* Begin PBXFrameworksBuildPhase section */
		670986E1244CC8DF00693E21 /* Frameworks */ = {
			isa = PBXFrameworksBuildPhase;
			buildActionMask = 2147483647;
			files = (
			);
			runOnlyForDeploymentPostprocessing = 0;
		};
/* End PBXFrameworksBuildPhase section */

/* Begin PBXGroup section */
		670986DB244CC8DF00693E21 = {
			isa = PBXGroup;
			children = (
				670986E6244CC8DF00693E21 /* ProfileSingleView */,
				670986E5244CC8DF00693E21 /* Products */,
			);
			sourceTree = "<group>";
		};
		670986E5244CC8DF00693E21 /* Products */ = {
			isa = PBXGroup;
			children = (
				670986E4244CC8DF00693E21 /* ProfileSingleView.app */,
			);
			name = Products;
			sourceTree = "<group>";
		};
		670986E6244CC8DF00693E21 /* ProfileSingleView */ = {
			isa = PBXGroup;
			children = (
				670986E7244CC8DF00693E21 /* AppDelegate.swift */,
				670986E9244CC8DF00693E21 /* SceneDelegate.swift */,
				670986EB244CC8DF00693E21 /* ContentView.swift */,
				670986ED244CC8E200693E21 /* Assets.xcassets */,
				670986F2244CC8E200693E21 /* LaunchScreen.storyboard */,
				670986F5244CC8E200693E21 /* Info.plist */,
				670986EF244CC8E200693E21 /* Preview Content */,
			);
			path = ProfileSingleView;
			sourceTree = "<group>";
		};
		670986EF244CC8E200693E21 /* Preview Content */ = {
			isa = PBXGroup;
			children = (
				670986F0244CC8E200693E21 /* Preview Assets.xcassets */,
			);
			path = "Preview Content";
			sourceTree = "<group>";
		};
/* End PBXGroup section */

/* Begin PBXNativeTarget section */
		670986E3244CC8DF00693E21 /* ProfileSingleView */ = {
			isa = PBXNativeTarget;
			buildConfigurationList = 670986F8244CC8E200693E21 /* Build configuration list for PBXNativeTarget "ProfileSingleView" */;
			buildPhases = (
				670986E0244CC8DF00693E21 /* Sources */,
				670986E1244CC8DF00693E21 /* Frameworks */,
				670986E2244CC8DF00693E21 /* Resources */,
			);
			buildRules = (
			);
			dependencies = (
			);
			name = ProfileSingleView;
			productName = ProfileSingleView;
			productReference = 670986E4244CC8DF00693E21 /* ProfileSingleView.app */;
			productType = "com.apple.product-type.application";
		};
/* End PBXNativeTarget section */

/* Begin PBXProject section */
		670986DC244CC8DF00693E21 /* Project object */ = {
			isa = PBXProject;
			attributes = {
				LastSwiftUpdateCheck = 1140;
				LastUpgradeCheck = 1140;
				ORGANIZATIONNAME = Maetschl;
				TargetAttributes = {
					670986E3244CC8DF00693E21 = {
						CreatedOnToolsVersion = 11.4;
					};
				};
			};
			buildConfigurationList = 670986DF244CC8DF00693E21 /* Build configuration list for PBXProject "ProfileSingleView" */;
			compatibilityVersion = "Xcode 9.3";
			developmentRegion = en;
			hasScannedForEncodings = 0;
			knownRegions = (
				en,
				Base,
			);
			mainGroup = 670986DB244CC8DF00693E21;
			productRefGroup = 670986E5244CC8DF00693E21 /* Products */;
			projectDirPath = "";
			projectRoot = "";
			targets = (
				670986E3244CC8DF00693E21 /* ProfileSingleView */,
			);
		};
/* End PBXProject section */

/* Begin PBXResourcesBuildPhase section */
		670986E2244CC8DF00693E21 /* Resources */ = {
			isa = PBXResourcesBuildPhase;
			buildActionMask = 2147483647;
			files = (
				670986F4244CC8E200693E21 /* LaunchScreen.storyboard in Resources */,
				670986F1244CC8E200693E21 /* Preview Assets.xcassets in Resources */,
				670986EE244CC8E200693E21 /* Assets.xcassets in Resources */,
			);
			runOnlyForDeploymentPostprocessing = 0;
		};
/* End PBXResourcesBuildPhase section */

/* Begin PBXSourcesBuildPhase section */
		670986E0244CC8DF00693E21 /* Sources */ = {
			isa = PBXSourcesBuildPhase;
			buildActionMask = 2147483647;
			files = (
				670986E8244CC8DF00693E21 /* AppDelegate.swift in Sources */,
				670986EA244CC8DF00693E21 /* SceneDelegate.swift in Sources */,
				670986EC244CC8DF00693E21 /* ContentView.swift in Sources */,
			);
			runOnlyForDeploymentPostprocessing = 0;
		};
/* End PBXSourcesBuildPhase section */

/* Begin PBXVariantGroup section */
		670986F2244CC8E200693E21 /* LaunchScreen.storyboard */ = {
			isa = PBXVariantGroup;
			children = (
				670986F3244CC8E200693E21 /* Base */,
			);
			name = LaunchScreen.storyboard;
			sourceTree = "<group>";
		};
/* End PBXVariantGroup section */

/* Begin XCBuildConfiguration section */
		670986F6244CC8E200693E21 /* Debug */ = {
			isa = XCBuildConfiguration;
			buildSettings = {
				ALWAYS_SEARCH_USER_PATHS = NO;
				CLANG_ANALYZER_NONNULL = YES;
				CLANG_ANALYZER_NUMBER_OBJECT_CONVERSION = YES_AGGRESSIVE;
				CLANG_CXX_LANGUAGE_STANDARD = "gnu++14";
				CLANG_CXX_LIBRARY = "libc++";
				CLANG_ENABLE_MODULES = YES;
				CLANG_ENABLE_OBJC_ARC = YES;
				CLANG_ENABLE_OBJC_WEAK = YES;
				CLANG_WARN_BLOCK_CAPTURE_AUTORELEASING = YES;
				CLANG_WARN_BOOL_CONVERSION = YES;
				CLANG_WARN_COMMA = YES;
				CLANG_WARN_CONSTANT_CONVERSION = YES;
				CLANG_WARN_DEPRECATED_OBJC_IMPLEMENTATIONS = YES;
				CLANG_WARN_DIRECT_OBJC_ISA_USAGE = YES_ERROR;
				CLANG_WARN_DOCUMENTATION_COMMENTS = YES;
				CLANG_WARN_EMPTY_BODY = YES;
				CLANG_WARN_ENUM_CONVERSION = YES;
				CLANG_WARN_INFINITE_RECURSION = YES;
				CLANG_WARN_INT_CONVERSION = YES;
				CLANG_WARN_NON_LITERAL_NULL_CONVERSION = YES;
				CLANG_WARN_OBJC_IMPLICIT_RETAIN_SELF = YES;
				CLANG_WARN_OBJC_LITERAL_CONVERSION = YES;
				CLANG_WARN_OBJC_ROOT_CLASS = YES_ERROR;
				CLANG_WARN_RANGE_LOOP_ANALYSIS = YES;
				CLANG_WARN_STRICT_PROTOTYPES = YES;
				CLANG_WARN_SUSPICIOUS_MOVE = YES;
				CLANG_WARN_UNGUARDED_AVAILABILITY = YES_AGGRESSIVE;
				CLANG_WARN_UNREACHABLE_CODE = YES;
				CLANG_WARN__DUPLICATE_METHOD_MATCH = YES;
				COPY_PHASE_STRIP = NO;
				DEBUG_INFORMATION_FORMAT = dwarf;
				ENABLE_STRICT_OBJC_MSGSEND = YES;
				ENABLE_TESTABILITY = YES;
				GCC_C_LANGUAGE_STANDARD = gnu11;
				GCC_DYNAMIC_NO_PIC = NO;
				GCC_NO_COMMON_BLOCKS = YES;
				GCC_OPTIMIZATION_LEVEL = 0;
				GCC_PREPROCESSOR_DEFINITIONS = (
					"DEBUG=1",
					"$(inherited)",
				);
				GCC_WARN_64_TO_32_BIT_CONVERSION = YES;
				GCC_WARN_ABOUT_RETURN_TYPE = YES_ERROR;
				GCC_WARN_UNDECLARED_SELECTOR = YES;
				GCC_WARN_UNINITIALIZED_AUTOS = YES_AGGRESSIVE;
				GCC_WARN_UNUSED_FUNCTION = YES;
				GCC_WARN_UNUSED_VARIABLE = YES;
				IPHONEOS_DEPLOYMENT_TARGET = 13.4;
				MTL_ENABLE_DEBUG_INFO = INCLUDE_SOURCE;
				MTL_FAST_MATH = YES;
				ONLY_ACTIVE_ARCH = YES;
				SDKROOT = iphoneos;
				SWIFT_ACTIVE_COMPILATION_CONDITIONS = DEBUG;
				SWIFT_OPTIMIZATION_LEVEL = "-Onone";
			};
			name = Debug;
		};
		670986F7244CC8E200693E21 /* Release */ = {
			isa = XCBuildConfiguration;
			buildSettings = {
				ALWAYS_SEARCH_USER_PATHS = NO;
				CLANG_ANALYZER_NONNULL = YES;
				CLANG_ANALYZER_NUMBER_OBJECT_CONVERSION = YES_AGGRESSIVE;
				CLANG_CXX_LANGUAGE_STANDARD = "gnu++14";
				CLANG_CXX_LIBRARY = "libc++";
				CLANG_ENABLE_MODULES = YES;
				CLANG_ENABLE_OBJC_ARC = YES;
				CLANG_ENABLE_OBJC_WEAK = YES;
				CLANG_WARN_BLOCK_CAPTURE_AUTORELEASING = YES;
				CLANG_WARN_BOOL_CONVERSION = YES;
				CLANG_WARN_COMMA = YES;
				CLANG_WARN_CONSTANT_CONVERSION = YES;
				CLANG_WARN_DEPRECATED_OBJC_IMPLEMENTATIONS = YES;
				CLANG_WARN_DIRECT_OBJC_ISA_USAGE = YES_ERROR;
				CLANG_WARN_DOCUMENTATION_COMMENTS = YES;
				CLANG_WARN_EMPTY_BODY = YES;
				CLANG_WARN_ENUM_CONVERSION = YES;
				CLANG_WARN_INFINITE_RECURSION = YES;
				CLANG_WARN_INT_CONVERSION = YES;
				CLANG_WARN_NON_LITERAL_NULL_CONVERSION = YES;
				CLANG_WARN_OBJC_IMPLICIT_RETAIN_SELF = YES;
				CLANG_WARN_OBJC_LITERAL_CONVERSION = YES;
				CLANG_WARN_OBJC_ROOT_CLASS = YES_ERROR;
				CLANG_WARN_RANGE_LOOP_ANALYSIS = YES;
				CLANG_WARN_STRICT_PROTOTYPES = YES;
				CLANG_WARN_SUSPICIOUS_MOVE = YES;
				CLANG_WARN_UNGUARDED_AVAILABILITY = YES_AGGRESSIVE;
				CLANG_WARN_UNREACHABLE_CODE = YES;
				CLANG_WARN__DUPLICATE_METHOD_MATCH = YES;
				COPY_PHASE_STRIP = NO;
				DEBUG_INFORMATION_FORMAT = "dwarf-with-dsym";
				ENABLE_NS_ASSERTIONS = NO;
				ENABLE_STRICT_OBJC_MSGSEND = YES;
				GCC_C_LANGUAGE_STANDARD = gnu11;
				GCC_NO_COMMON_BLOCKS = YES;
				GCC_WARN_64_TO_32_BIT_CONVERSION = YES;
				GCC_WARN_ABOUT_RETURN_TYPE = YES_ERROR;
				GCC_WARN_UNDECLARED_SELECTOR = YES;
				GCC_WARN_UNINITIALIZED_AUTOS = YES_AGGRESSIVE;
				GCC_WARN_UNUSED_FUNCTION = YES;
				GCC_WARN_UNUSED_VARIABLE = YES;
				IPHONEOS_DEPLOYMENT_TARGET = 13.4;
				MTL_ENABLE_DEBUG_INFO = NO;
				MTL_FAST_MATH = YES;
				SDKROOT = iphoneos;
				SWIFT_COMPILATION_MODE = wholemodule;
				SWIFT_OPTIMIZATION_LEVEL = "-O";
				VALIDATE_PRODUCT = YES;
			};
			name = Release;
		};
		670986F9244CC8E200693E21 /* Debug */ = {
			isa = XCBuildConfiguration;
			buildSettings = {
				ASSETCATALOG_COMPILER_APPICON_NAME = AppIcon;
				CODE_SIGN_STYLE = Automatic;
				DEVELOPMENT_ASSET_PATHS = "\"ProfileSingleView/Preview Content\"";
				ENABLE_PREVIEWS = YES;
				INFOPLIST_FILE = ProfileSingleView/Info.plist;
				LD_RUNPATH_SEARCH_PATHS = (
					"$(inherited)",
					"@executable_path/Frameworks",
				);
				PRODUCT_BUNDLE_IDENTIFIER = com.maetschl.example.ProfileSingleView;
				PRODUCT_NAME = "$(TARGET_NAME)";
				SWIFT_VERSION = 5.0;
				TARGETED_DEVICE_FAMILY = "1,2";
			};
			name = Debug;
		};
		670986FA244CC8E200693E21 /* Release */ = {
			isa = XCBuildConfiguration;
			buildSettings = {
				ASSETCATALOG_COMPILER_APPICON_NAME = AppIcon;
				CODE_SIGN_STYLE = Automatic;
				DEVELOPMENT_ASSET_PATHS = "\"ProfileSingleView/Preview Content\"";
				ENABLE_PREVIEWS = YES;
				INFOPLIST_FILE = ProfileSingleView/Info.plist;
				LD_RUNPATH_SEARCH_PATHS = (
					"$(inherited)",
					"@executable_path/Frameworks",
				);
				PRODUCT_BUNDLE_IDENTIFIER = com.maetschl.example.ProfileSingleView;
				PRODUCT_NAME = "$(TARGET_NAME)";
				SWIFT_VERSION = 5.0;
				TARGETED_DEVICE_FAMILY = "1,2";
			};
			name = Release;
		};
/* End XCBuildConfiguration section */

/* Begin XCConfigurationList section */
		670986DF244CC8DF00693E21 /* Build configuration list for PBXProject "ProfileSingleView" */ = {
			isa = XCConfigurationList;
			buildConfigurations = (
				670986F6244CC8E200693E21 /* Debug */,
				670986F7244CC8E200693E21 /* Release */,
			);
			defaultConfigurationIsVisible = 0;
			defaultConfigurationName = Release;
		};
		670986F8244CC8E200693E21 /* Build configuration list for PBXNativeTarget "ProfileSingleView" */ = {
			isa = XCConfigurationList;
			buildConfigurations = (
				670986F9244CC8E200693E21 /* Debug */,
				670986FA244CC8E200693E21 /* Release */,
			);
			defaultConfigurationIsVisible = 0;
			defaultConfigurationName = Release;
		};
/* End XCConfigurationList section */
	};
	rootObject = 670986DC244CC8DF00693E21 /* Project object */;
}
